
Microsoft Visual Studio Solution File, Format Version 12.00
# Visual Studio Version 17
VisualStudioVersion = 17.12.35527.113 d17.12
MinimumVisualStudioVersion = 10.0.40219.1
Project("{FAE04EC0-301F-11D3-BF4B-00C04F79EFBC}") = "CustomerSupport.Domain", "CustomerSupport.Domain\CustomerSupport.Domain.csproj", "{B3216395-7AEA-4847-B99C-D9CC1C2F643E}"
EndProject
Project("{FAE04EC0-301F-11D3-BF4B-00C04F79EFBC}") = "CustomerSupport.Infrastructure", "CustomerSupport.Infrastructure\CustomerSupport.Infrastructure.csproj", "{03D61E19-257C-4447-B387-0E8BEBBBEBA8}"
EndProject
Project("{FAE04EC0-301F-11D3-BF4B-00C04F79EFBC}") = "CustomerSupport.Application", "CustomerSupport.Application\CustomerSupport.Application.csproj", "{B1854E8E-3A17-4EEF-B5BD-A32A8DA3302A}"
EndProject
Project("{FAE04EC0-301F-11D3-BF4B-00C04F79EFBC}") = "CustomerSupport.Presentation", "CustomerSupport.Presentation\CustomerSupport.Presentation.csproj", "{7D040EE1-76C3-4494-9B56-7265C24AEECA}"
EndProject
Global
	GlobalSection(SolutionConfigurationPlatforms) = preSolution
		Debug|Any CPU = Debug|Any CPU
		Release|Any CPU = Release|Any CPU
	EndGlobalSection
	GlobalSection(ProjectConfigurationPlatforms) = postSolution
		{B3216395-7AEA-4847-B99C-D9CC1C2F643E}.Debug|Any CPU.ActiveCfg = Debug|Any CPU
		{B3216395-7AEA-4847-B99C-D9CC1C2F643E}.Debug|Any CPU.Build.0 = Debug|Any CPU
		{B3216395-7AEA-4847-B99C-D9CC1C2F643E}.Release|Any CPU.ActiveCfg = Release|Any CPU
		{B3216395-7AEA-4847-B99C-D9CC1C2F643E}.Release|Any CPU.Build.0 = Release|Any CPU
		{03D61E19-257C-4447-B387-0E8BEBBBEBA8}.Debug|Any CPU.ActiveCfg = Debug|Any CPU
		{03D61E19-257C-4447-B387-0E8BEBBBEBA8}.Debug|Any CPU.Build.0 = Debug|Any CPU
		{03D61E19-257C-4447-B387-0E8BEBBBEBA8}.Release|Any CPU.ActiveCfg = Release|Any CPU
		{03D61E19-257C-4447-B387-0E8BEBBBEBA8}.Release|Any CPU.Build.0 = Release|Any CPU
		{B1854E8E-3A17-4EEF-B5BD-A32A8DA3302A}.Debug|Any CPU.ActiveCfg = Debug|Any CPU
		{B1854E8E-3A17-4EEF-B5BD-A32A8DA3302A}.Debug|Any CPU.Build.0 = Debug|Any CPU
		{B1854E8E-3A17-4EEF-B5BD-A32A8DA3302A}.Release|Any CPU.ActiveCfg = Release|Any CPU
		{B1854E8E-3A17-4EEF-B5BD-A32A8DA3302A}.Release|Any CPU.Build.0 = Release|Any CPU
		{7D040EE1-76C3-4494-9B56-7265C24AEECA}.Debug|Any CPU.ActiveCfg = Debug|Any CPU
		{7D040EE1-76C3-4494-9B56-7265C24AEECA}.Debug|Any CPU.Build.0 = Debug|Any CPU
		{7D040EE1-76C3-4494-9B56-7265C24AEECA}.Release|Any CPU.ActiveCfg = Release|Any CPU
		{7D040EE1-76C3-4494-9B56-7265C24AEECA}.Release|Any CPU.Build.0 = Release|Any CPU
	EndGlobalSection
	GlobalSection(SolutionProperties) = preSolution
		HideSolutionNode = FALSE
	EndGlobalSection
EndGlobal
